// !$*UTF8*$!
{
	archiveVersion = 1;
	classes = {
	};
	objectVersion = 46;
	objects = {

/* Begin PBXBuildFile section */
		22739941160EF5E300DA07D5 /* CMBaseViewController.m in Sources */ = {isa = PBXBuildFile; fileRef = 22739940160EF5E300DA07D5 /* CMBaseViewController.m */; };
		22739967160F13CA00DA07D5 /* SenTestingKit.framework in Frameworks */ = {isa = PBXBuildFile; fileRef = 22C15982160DD3570067B4A5 /* SenTestingKit.framework */; };
		22739968160F13CA00DA07D5 /* UIKit.framework in Frameworks */ = {isa = PBXBuildFile; fileRef = 22C1595E160DD3570067B4A5 /* UIKit.framework */; };
		22739969160F13CA00DA07D5 /* Foundation.framework in Frameworks */ = {isa = PBXBuildFile; fileRef = 22C15960160DD3570067B4A5 /* Foundation.framework */; };
		2273996F160F13CA00DA07D5 /* InfoPlist.strings in Resources */ = {isa = PBXBuildFile; fileRef = 2273996D160F13CA00DA07D5 /* InfoPlist.strings */; };
		22739972160F13CA00DA07D5 /* PropofolTests.m in Sources */ = {isa = PBXBuildFile; fileRef = 22739971160F13CA00DA07D5 /* PropofolTests.m */; };
		22739977160F13D700DA07D5 /* CMCalculator.m in Sources */ = {isa = PBXBuildFile; fileRef = 22C159AA160DDE480067B4A5 /* CMCalculator.m */; };
		2293548D160F19ED003E4B14 /* algorithm_test.py in Resources */ = {isa = PBXBuildFile; fileRef = 2293548B160F19ED003E4B14 /* algorithm_test.py */; };
		2293548E160F19ED003E4B14 /* algorithm.py in Resources */ = {isa = PBXBuildFile; fileRef = 2293548C160F19ED003E4B14 /* algorithm.py */; };
		22C1595F160DD3570067B4A5 /* UIKit.framework in Frameworks */ = {isa = PBXBuildFile; fileRef = 22C1595E160DD3570067B4A5 /* UIKit.framework */; };
		22C15961160DD3570067B4A5 /* Foundation.framework in Frameworks */ = {isa = PBXBuildFile; fileRef = 22C15960160DD3570067B4A5 /* Foundation.framework */; };
		22C15963160DD3570067B4A5 /* CoreGraphics.framework in Frameworks */ = {isa = PBXBuildFile; fileRef = 22C15962160DD3570067B4A5 /* CoreGraphics.framework */; };
		22C15969160DD3570067B4A5 /* InfoPlist.strings in Resources */ = {isa = PBXBuildFile; fileRef = 22C15967160DD3570067B4A5 /* InfoPlist.strings */; };
		22C1596B160DD3570067B4A5 /* main.m in Sources */ = {isa = PBXBuildFile; fileRef = 22C1596A160DD3570067B4A5 /* main.m */; };
		22C1596F160DD3570067B4A5 /* CMAppDelegate.m in Sources */ = {isa = PBXBuildFile; fileRef = 22C1596E160DD3570067B4A5 /* CMAppDelegate.m */; };
		22C15971160DD3570067B4A5 /* Default.png in Resources */ = {isa = PBXBuildFile; fileRef = 22C15970160DD3570067B4A5 /* Default.png */; };
		22C15973160DD3570067B4A5 /* Default@2x.png in Resources */ = {isa = PBXBuildFile; fileRef = 22C15972160DD3570067B4A5 /* Default@2x.png */; };
		22C15975160DD3570067B4A5 /* Default-568h@2x.png in Resources */ = {isa = PBXBuildFile; fileRef = 22C15974160DD3570067B4A5 /* Default-568h@2x.png */; };
		22C1597B160DD3570067B4A5 /* CMVitalsView.xib in Resources */ = {isa = PBXBuildFile; fileRef = 22C15979160DD3570067B4A5 /* CMVitalsView.xib */; };
		22C159A0160DD8FC0067B4A5 /* CMConcentrationViewController.m in Sources */ = {isa = PBXBuildFile; fileRef = 22C1599E160DD8FC0067B4A5 /* CMConcentrationViewController.m */; };
		22C159A1160DD8FC0067B4A5 /* CMConcentrationView.xib in Resources */ = {isa = PBXBuildFile; fileRef = 22C1599F160DD8FC0067B4A5 /* CMConcentrationView.xib */; };
		22C159A3160DD9320067B4A5 /* CMVitalsViewController.m in Sources */ = {isa = PBXBuildFile; fileRef = 22C159A2160DD9320067B4A5 /* CMVitalsViewController.m */; };
		22C159A7160DD9740067B4A5 /* CMBaseNavController.m in Sources */ = {isa = PBXBuildFile; fileRef = 22C159A6160DD9740067B4A5 /* CMBaseNavController.m */; };
		22C159AB160DDE480067B4A5 /* CMCalculator.m in Sources */ = {isa = PBXBuildFile; fileRef = 22C159AA160DDE480067B4A5 /* CMCalculator.m */; };
		22E89E40160E0268003896C6 /* CMGraphViewController.m in Sources */ = {isa = PBXBuildFile; fileRef = 22E89E3E160E0268003896C6 /* CMGraphViewController.m */; };
		22E89E41160E0268003896C6 /* CMGraphView.xib in Resources */ = {isa = PBXBuildFile; fileRef = 22E89E3F160E0268003896C6 /* CMGraphView.xib */; };
		22E89E5B160E0318003896C6 /* libCorePlot-CocoaTouch.a in Frameworks */ = {isa = PBXBuildFile; fileRef = 22E89E5A160E0311003896C6 /* libCorePlot-CocoaTouch.a */; };
		22E89E5D160E0370003896C6 /* QuartzCore.framework in Frameworks */ = {isa = PBXBuildFile; fileRef = 22E89E5C160E0370003896C6 /* QuartzCore.framework */; };
/* End PBXBuildFile section */

/* Begin PBXContainerItemProxy section */
		22E89E59160E0311003896C6 /* PBXContainerItemProxy */ = {
			isa = PBXContainerItemProxy;
			containerPortal = 22E89E50160E0311003896C6 /* CorePlot-CocoaTouch.xcodeproj */;
			proxyType = 2;
			remoteGlobalIDString = BC9B83470FB8A0A40035D8DA;
			remoteInfo = "CorePlot-CocoaTouch";
		};
/* End PBXContainerItemProxy section */

/* Begin PBXFileReference section */
		2273993F160EF5E300DA07D5 /* CMBaseViewController.h */ = {isa = PBXFileReference; fileEncoding = 4; lastKnownFileType = sourcecode.c.h; path = CMBaseViewController.h; sourceTree = "<group>"; };
		22739940160EF5E300DA07D5 /* CMBaseViewController.m */ = {isa = PBXFileReference; fileEncoding = 4; lastKnownFileType = sourcecode.c.objc; path = CMBaseViewController.m; sourceTree = "<group>"; };
		22739966160F13CA00DA07D5 /* PropofolTests.octest */ = {isa = PBXFileReference; explicitFileType = wrapper.cfbundle; includeInIndex = 0; path = PropofolTests.octest; sourceTree = BUILT_PRODUCTS_DIR; };
		2273996C160F13CA00DA07D5 /* PropofolTests-Info.plist */ = {isa = PBXFileReference; lastKnownFileType = text.plist.xml; path = "PropofolTests-Info.plist"; sourceTree = "<group>"; };
		2273996E160F13CA00DA07D5 /* en */ = {isa = PBXFileReference; lastKnownFileType = text.plist.strings; name = en; path = en.lproj/InfoPlist.strings; sourceTree = "<group>"; };
		22739970160F13CA00DA07D5 /* PropofolTests.h */ = {isa = PBXFileReference; lastKnownFileType = sourcecode.c.h; path = PropofolTests.h; sourceTree = "<group>"; };
		22739971160F13CA00DA07D5 /* PropofolTests.m */ = {isa = PBXFileReference; lastKnownFileType = sourcecode.c.objc; path = PropofolTests.m; sourceTree = "<group>"; };
		22739973160F13CA00DA07D5 /* PropofolTests-Prefix.pch */ = {isa = PBXFileReference; lastKnownFileType = sourcecode.c.h; path = "PropofolTests-Prefix.pch"; sourceTree = "<group>"; };
		2293548B160F19ED003E4B14 /* algorithm_test.py */ = {isa = PBXFileReference; fileEncoding = 4; lastKnownFileType = text.script.python; path = algorithm_test.py; sourceTree = SOURCE_ROOT; };
		2293548C160F19ED003E4B14 /* algorithm.py */ = {isa = PBXFileReference; fileEncoding = 4; lastKnownFileType = text.script.python; path = algorithm.py; sourceTree = SOURCE_ROOT; };
		22C1595A160DD3560067B4A5 /* propofol.temp_caseinsensitive_rename.app */ = {isa = PBXFileReference; explicitFileType = wrapper.application; includeInIndex = 0; path = propofol.temp_caseinsensitive_rename.app; sourceTree = BUILT_PRODUCTS_DIR; };
		22C1595E160DD3570067B4A5 /* UIKit.framework */ = {isa = PBXFileReference; lastKnownFileType = wrapper.framework; name = UIKit.framework; path = System/Library/Frameworks/UIKit.framework; sourceTree = SDKROOT; };
		22C15960160DD3570067B4A5 /* Foundation.framework */ = {isa = PBXFileReference; lastKnownFileType = wrapper.framework; name = Foundation.framework; path = System/Library/Frameworks/Foundation.framework; sourceTree = SDKROOT; };
		22C15962160DD3570067B4A5 /* CoreGraphics.framework */ = {isa = PBXFileReference; lastKnownFileType = wrapper.framework; name = CoreGraphics.framework; path = System/Library/Frameworks/CoreGraphics.framework; sourceTree = SDKROOT; };
		22C15966160DD3570067B4A5 /* propofol.temp_caseinsensitive_rename-Info.plist */ = {isa = PBXFileReference; lastKnownFileType = text.plist.xml; path = "propofol.temp_caseinsensitive_rename-Info.plist"; sourceTree = "<group>"; };
		22C15968160DD3570067B4A5 /* en */ = {isa = PBXFileReference; lastKnownFileType = text.plist.strings; name = en; path = en.lproj/InfoPlist.strings; sourceTree = "<group>"; };
		22C1596A160DD3570067B4A5 /* main.m */ = {isa = PBXFileReference; lastKnownFileType = sourcecode.c.objc; path = main.m; sourceTree = "<group>"; };
		22C1596C160DD3570067B4A5 /* propofol.temp_caseinsensitive_rename-Prefix.pch */ = {isa = PBXFileReference; lastKnownFileType = sourcecode.c.h; path = "propofol.temp_caseinsensitive_rename-Prefix.pch"; sourceTree = "<group>"; };
		22C1596D160DD3570067B4A5 /* CMAppDelegate.h */ = {isa = PBXFileReference; lastKnownFileType = sourcecode.c.h; path = CMAppDelegate.h; sourceTree = "<group>"; };
		22C1596E160DD3570067B4A5 /* CMAppDelegate.m */ = {isa = PBXFileReference; lastKnownFileType = sourcecode.c.objc; path = CMAppDelegate.m; sourceTree = "<group>"; };
		22C15970160DD3570067B4A5 /* Default.png */ = {isa = PBXFileReference; lastKnownFileType = image.png; path = Default.png; sourceTree = "<group>"; };
		22C15972160DD3570067B4A5 /* Default@2x.png */ = {isa = PBXFileReference; lastKnownFileType = image.png; path = "Default@2x.png"; sourceTree = "<group>"; };
		22C15974160DD3570067B4A5 /* Default-568h@2x.png */ = {isa = PBXFileReference; lastKnownFileType = image.png; path = "Default-568h@2x.png"; sourceTree = "<group>"; };
		22C15976160DD3570067B4A5 /* CMVitalsViewController.h */ = {isa = PBXFileReference; lastKnownFileType = sourcecode.c.h; path = CMVitalsViewController.h; sourceTree = "<group>"; };
		22C1597A160DD3570067B4A5 /* en */ = {isa = PBXFileReference; lastKnownFileType = file.xib; name = en; path = en.lproj/CMVitalsView.xib; sourceTree = "<group>"; };
		22C15982160DD3570067B4A5 /* SenTestingKit.framework */ = {isa = PBXFileReference; lastKnownFileType = wrapper.framework; name = SenTestingKit.framework; path = Library/Frameworks/SenTestingKit.framework; sourceTree = DEVELOPER_DIR; };
		22C1598A160DD3570067B4A5 /* propofol.temp_caseinsensitive_renameTests-Info.plist */ = {isa = PBXFileReference; lastKnownFileType = text.plist.xml; path = "propofol.temp_caseinsensitive_renameTests-Info.plist"; sourceTree = "<group>"; };
		22C1598C160DD3570067B4A5 /* en */ = {isa = PBXFileReference; lastKnownFileType = text.plist.strings; name = en; path = en.lproj/InfoPlist.strings; sourceTree = "<group>"; };
		22C1598E160DD3570067B4A5 /* PropofolTests.h */ = {isa = PBXFileReference; lastKnownFileType = sourcecode.c.h; path = PropofolTests.h; sourceTree = "<group>"; };
		22C1598F160DD3570067B4A5 /* PropofolTests.m */ = {isa = PBXFileReference; lastKnownFileType = sourcecode.c.objc; path = PropofolTests.m; sourceTree = "<group>"; };
		22C1599D160DD8FC0067B4A5 /* CMConcentrationViewController.h */ = {isa = PBXFileReference; fileEncoding = 4; lastKnownFileType = sourcecode.c.h; path = CMConcentrationViewController.h; sourceTree = "<group>"; };
		22C1599E160DD8FC0067B4A5 /* CMConcentrationViewController.m */ = {isa = PBXFileReference; fileEncoding = 4; lastKnownFileType = sourcecode.c.objc; path = CMConcentrationViewController.m; sourceTree = "<group>"; };
		22C1599F160DD8FC0067B4A5 /* CMConcentrationView.xib */ = {isa = PBXFileReference; fileEncoding = 4; lastKnownFileType = file.xib; path = CMConcentrationView.xib; sourceTree = "<group>"; };
		22C159A2160DD9320067B4A5 /* CMVitalsViewController.m */ = {isa = PBXFileReference; fileEncoding = 4; lastKnownFileType = sourcecode.c.objc; path = CMVitalsViewController.m; sourceTree = "<group>"; };
		22C159A5160DD9740067B4A5 /* CMBaseNavController.h */ = {isa = PBXFileReference; fileEncoding = 4; lastKnownFileType = sourcecode.c.h; path = CMBaseNavController.h; sourceTree = "<group>"; };
		22C159A6160DD9740067B4A5 /* CMBaseNavController.m */ = {isa = PBXFileReference; fileEncoding = 4; lastKnownFileType = sourcecode.c.objc; path = CMBaseNavController.m; sourceTree = "<group>"; };
		22C159A9160DDE480067B4A5 /* CMCalculator.h */ = {isa = PBXFileReference; fileEncoding = 4; lastKnownFileType = sourcecode.c.h; path = CMCalculator.h; sourceTree = "<group>"; };
		22C159AA160DDE480067B4A5 /* CMCalculator.m */ = {isa = PBXFileReference; fileEncoding = 4; lastKnownFileType = sourcecode.c.objc; path = CMCalculator.m; sourceTree = "<group>"; };
		22E89E3D160E0268003896C6 /* CMGraphViewController.h */ = {isa = PBXFileReference; fileEncoding = 4; lastKnownFileType = sourcecode.c.h; path = CMGraphViewController.h; sourceTree = "<group>"; };
		22E89E3E160E0268003896C6 /* CMGraphViewController.m */ = {isa = PBXFileReference; fileEncoding = 4; lastKnownFileType = sourcecode.c.objc; path = CMGraphViewController.m; sourceTree = "<group>"; };
		22E89E3F160E0268003896C6 /* CMGraphView.xib */ = {isa = PBXFileReference; fileEncoding = 4; lastKnownFileType = file.xib; path = CMGraphView.xib; sourceTree = "<group>"; };
		22E89E50160E0311003896C6 /* CorePlot-CocoaTouch.xcodeproj */ = {isa = PBXFileReference; lastKnownFileType = "wrapper.pb-project"; name = "CorePlot-CocoaTouch.xcodeproj"; path = "Frameworks/CorePlot/CorePlot-CocoaTouch.xcodeproj"; sourceTree = "<group>"; };
		22E89E5C160E0370003896C6 /* QuartzCore.framework */ = {isa = PBXFileReference; lastKnownFileType = wrapper.framework; name = QuartzCore.framework; path = System/Library/Frameworks/QuartzCore.framework; sourceTree = SDKROOT; };
/* End PBXFileReference section */

/* Begin PBXFrameworksBuildPhase section */
		22739962160F13CA00DA07D5 /* Frameworks */ = {
			isa = PBXFrameworksBuildPhase;
			buildActionMask = 2147483647;
			files = (
				22739967160F13CA00DA07D5 /* SenTestingKit.framework in Frameworks */,
				22739968160F13CA00DA07D5 /* UIKit.framework in Frameworks */,
				22739969160F13CA00DA07D5 /* Foundation.framework in Frameworks */,
			);
			runOnlyForDeploymentPostprocessing = 0;
		};
		22C15957160DD3560067B4A5 /* Frameworks */ = {
			isa = PBXFrameworksBuildPhase;
			buildActionMask = 2147483647;
			files = (
				22E89E5D160E0370003896C6 /* QuartzCore.framework in Frameworks */,
				22E89E5B160E0318003896C6 /* libCorePlot-CocoaTouch.a in Frameworks */,
				22C1595F160DD3570067B4A5 /* UIKit.framework in Frameworks */,
				22C15961160DD3570067B4A5 /* Foundation.framework in Frameworks */,
				22C15963160DD3570067B4A5 /* CoreGraphics.framework in Frameworks */,
			);
			runOnlyForDeploymentPostprocessing = 0;
		};
/* End PBXFrameworksBuildPhase section */

/* Begin PBXGroup section */
		2273993E160EF5C400DA07D5 /* Base classes */ = {
			isa = PBXGroup;
			children = (
				2273993F160EF5E300DA07D5 /* CMBaseViewController.h */,
				22739940160EF5E300DA07D5 /* CMBaseViewController.m */,
			);
			name = "Base classes";
			sourceTree = "<group>";
		};
		2273996A160F13CA00DA07D5 /* PropofolTests */ = {
			isa = PBXGroup;
			children = (
				22739970160F13CA00DA07D5 /* PropofolTests.h */,
				22739971160F13CA00DA07D5 /* PropofolTests.m */,
				2273996B160F13CA00DA07D5 /* Supporting Files */,
			);
			path = PropofolTests;
			sourceTree = "<group>";
		};
		2273996B160F13CA00DA07D5 /* Supporting Files */ = {
			isa = PBXGroup;
			children = (
				2273996C160F13CA00DA07D5 /* PropofolTests-Info.plist */,
				2273996D160F13CA00DA07D5 /* InfoPlist.strings */,
				22739973160F13CA00DA07D5 /* PropofolTests-Prefix.pch */,
			);
			name = "Supporting Files";
			sourceTree = "<group>";
		};
		22C1594F160DD3560067B4A5 = {
			isa = PBXGroup;
			children = (
				22E89E50160E0311003896C6 /* CorePlot-CocoaTouch.xcodeproj */,
				22C15964160DD3570067B4A5 /* Propofol */,
				22C15988160DD3570067B4A5 /* PropofolTests */,
				2273996A160F13CA00DA07D5 /* PropofolTests */,
				22C1595D160DD3570067B4A5 /* Frameworks */,
				22C1595B160DD3560067B4A5 /* Products */,
			);
			sourceTree = "<group>";
		};
		22C1595B160DD3560067B4A5 /* Products */ = {
			isa = PBXGroup;
			children = (
				22C1595A160DD3560067B4A5 /* propofol.temp_caseinsensitive_rename.app */,
				22739966160F13CA00DA07D5 /* PropofolTests.octest */,
			);
			name = Products;
			sourceTree = "<group>";
		};
		22C1595D160DD3570067B4A5 /* Frameworks */ = {
			isa = PBXGroup;
			children = (
				22E89E5C160E0370003896C6 /* QuartzCore.framework */,
				22C1595E160DD3570067B4A5 /* UIKit.framework */,
				22C15960160DD3570067B4A5 /* Foundation.framework */,
				22C15962160DD3570067B4A5 /* CoreGraphics.framework */,
				22C15982160DD3570067B4A5 /* SenTestingKit.framework */,
			);
			name = Frameworks;
			sourceTree = "<group>";
		};
		22C15964160DD3570067B4A5 /* Propofol */ = {
			isa = PBXGroup;
			children = (
				22C15999160DD3D60067B4A5 /* App delegate */,
				22C159A8160DDE2F0067B4A5 /* Calculator */,
				22C1599A160DD3E20067B4A5 /* Front end */,
				22C15965160DD3570067B4A5 /* Supporting Files */,
			);
			path = Propofol;
			sourceTree = "<group>";
		};
		22C15965160DD3570067B4A5 /* Supporting Files */ = {
			isa = PBXGroup;
			children = (
				22C15966160DD3570067B4A5 /* propofol.temp_caseinsensitive_rename-Info.plist */,
				22C15967160DD3570067B4A5 /* InfoPlist.strings */,
				22C1596A160DD3570067B4A5 /* main.m */,
				22C1596C160DD3570067B4A5 /* propofol.temp_caseinsensitive_rename-Prefix.pch */,
				22C15970160DD3570067B4A5 /* Default.png */,
				22C15972160DD3570067B4A5 /* Default@2x.png */,
				22C15974160DD3570067B4A5 /* Default-568h@2x.png */,
			);
			name = "Supporting Files";
			sourceTree = "<group>";
		};
		22C15988160DD3570067B4A5 /* PropofolTests */ = {
			isa = PBXGroup;
			children = (
				22C1598E160DD3570067B4A5 /* PropofolTests.h */,
				22C1598F160DD3570067B4A5 /* PropofolTests.m */,
				22C15989160DD3570067B4A5 /* Supporting Files */,
			);
			path = PropofolTests;
			sourceTree = "<group>";
		};
		22C15989160DD3570067B4A5 /* Supporting Files */ = {
			isa = PBXGroup;
			children = (
				2293548B160F19ED003E4B14 /* algorithm_test.py */,
				2293548C160F19ED003E4B14 /* algorithm.py */,
				22C1598A160DD3570067B4A5 /* propofol.temp_caseinsensitive_renameTests-Info.plist */,
				22C1598B160DD3570067B4A5 /* InfoPlist.strings */,
			);
			name = "Supporting Files";
			sourceTree = "<group>";
		};
		22C15999160DD3D60067B4A5 /* App delegate */ = {
			isa = PBXGroup;
			children = (
				22C1596D160DD3570067B4A5 /* CMAppDelegate.h */,
				22C1596E160DD3570067B4A5 /* CMAppDelegate.m */,
				22C159A5160DD9740067B4A5 /* CMBaseNavController.h */,
				22C159A6160DD9740067B4A5 /* CMBaseNavController.m */,
			);
			name = "App delegate";
			sourceTree = "<group>";
		};
		22C1599A160DD3E20067B4A5 /* Front end */ = {
			isa = PBXGroup;
			children = (
				2273993E160EF5C400DA07D5 /* Base classes */,
				22C1599B160DD3E90067B4A5 /* Vitals */,
				22C1599C160DD8E20067B4A5 /* Concentration */,
				22E89E3B160E0253003896C6 /* Graphs */,
			);
			name = "Front end";
			sourceTree = "<group>";
		};
		22C1599B160DD3E90067B4A5 /* Vitals */ = {
			isa = PBXGroup;
			children = (
				22C15976160DD3570067B4A5 /* CMVitalsViewController.h */,
				22C159A2160DD9320067B4A5 /* CMVitalsViewController.m */,
				22C15979160DD3570067B4A5 /* CMVitalsView.xib */,
			);
			name = Vitals;
			sourceTree = "<group>";
		};
		22C1599C160DD8E20067B4A5 /* Concentration */ = {
			isa = PBXGroup;
			children = (
				22C1599D160DD8FC0067B4A5 /* CMConcentrationViewController.h */,
				22C1599E160DD8FC0067B4A5 /* CMConcentrationViewController.m */,
				22C1599F160DD8FC0067B4A5 /* CMConcentrationView.xib */,
			);
			name = Concentration;
			sourceTree = "<group>";
		};
		22C159A8160DDE2F0067B4A5 /* Calculator */ = {
			isa = PBXGroup;
			children = (
				22C159A9160DDE480067B4A5 /* CMCalculator.h */,
				22C159AA160DDE480067B4A5 /* CMCalculator.m */,
			);
			name = Calculator;
			sourceTree = "<group>";
		};
		22E89E3B160E0253003896C6 /* Graphs */ = {
			isa = PBXGroup;
			children = (
				22E89E3D160E0268003896C6 /* CMGraphViewController.h */,
				22E89E3E160E0268003896C6 /* CMGraphViewController.m */,
				22E89E3F160E0268003896C6 /* CMGraphView.xib */,
			);
			name = Graphs;
			sourceTree = "<group>";
		};
		22E89E51160E0311003896C6 /* Products */ = {
			isa = PBXGroup;
			children = (
				22E89E5A160E0311003896C6 /* libCorePlot-CocoaTouch.a */,
			);
			name = Products;
			sourceTree = "<group>";
		};
/* End PBXGroup section */

/* Begin PBXNativeTarget section */
		22739965160F13CA00DA07D5 /* PropofolTests */ = {
			isa = PBXNativeTarget;
			buildConfigurationList = 22739974160F13CA00DA07D5 /* Build configuration list for PBXNativeTarget "PropofolTests" */;
			buildPhases = (
				22739961160F13CA00DA07D5 /* Sources */,
				22739962160F13CA00DA07D5 /* Frameworks */,
				22739963160F13CA00DA07D5 /* Resources */,
				22739964160F13CA00DA07D5 /* ShellScript */,
			);
			buildRules = (
			);
			dependencies = (
			);
			name = PropofolTests;
			productName = PropofolTests;
			productReference = 22739966160F13CA00DA07D5 /* PropofolTests.octest */;
			productType = "com.apple.product-type.bundle";
		};
		22C15959160DD3560067B4A5 /* propofol.temp_caseinsensitive_rename */ = {
			isa = PBXNativeTarget;
			buildConfigurationList = 22C15993160DD3570067B4A5 /* Build configuration list for PBXNativeTarget "propofol.temp_caseinsensitive_rename" */;
			buildPhases = (
				22C15956160DD3560067B4A5 /* Sources */,
				22C15957160DD3560067B4A5 /* Frameworks */,
				22C15958160DD3560067B4A5 /* Resources */,
			);
			buildRules = (
			);
			dependencies = (
			);
			name = propofol.temp_caseinsensitive_rename;
			productName = Propofol;
			productReference = 22C1595A160DD3560067B4A5 /* propofol.temp_caseinsensitive_rename.app */;
			productType = "com.apple.product-type.application";
		};
/* End PBXNativeTarget section */

/* Begin PBXProject section */
		22C15951160DD3560067B4A5 /* Project object */ = {
			isa = PBXProject;
			attributes = {
				CLASSPREFIX = CM;
				LastUpgradeCheck = 0450;
				ORGANIZATIONNAME = "Charismatic Megafauna Ltd";
			};
			buildConfigurationList = 22C15954160DD3560067B4A5 /* Build configuration list for PBXProject "propofol" */;
			compatibilityVersion = "Xcode 3.2";
			developmentRegion = English;
			hasScannedForEncodings = 0;
			knownRegions = (
				en,
			);
			mainGroup = 22C1594F160DD3560067B4A5;
			productRefGroup = 22C1595B160DD3560067B4A5 /* Products */;
			projectDirPath = "";
			projectReferences = (
				{
					ProductGroup = 22E89E51160E0311003896C6 /* Products */;
					ProjectRef = 22E89E50160E0311003896C6 /* CorePlot-CocoaTouch.xcodeproj */;
				},
			);
			projectRoot = "";
			targets = (
				22C15959160DD3560067B4A5 /* propofol.temp_caseinsensitive_rename */,
				22739965160F13CA00DA07D5 /* PropofolTests */,
			);
		};
/* End PBXProject section */

/* Begin PBXReferenceProxy section */
		22E89E5A160E0311003896C6 /* libCorePlot-CocoaTouch.a */ = {
			isa = PBXReferenceProxy;
			fileType = archive.ar;
			path = "libCorePlot-CocoaTouch.a";
			remoteRef = 22E89E59160E0311003896C6 /* PBXContainerItemProxy */;
			sourceTree = BUILT_PRODUCTS_DIR;
		};
/* End PBXReferenceProxy section */

/* Begin PBXResourcesBuildPhase section */
		22739963160F13CA00DA07D5 /* Resources */ = {
			isa = PBXResourcesBuildPhase;
			buildActionMask = 2147483647;
			files = (
				2273996F160F13CA00DA07D5 /* InfoPlist.strings in Resources */,
				2293548D160F19ED003E4B14 /* algorithm_test.py in Resources */,
				2293548E160F19ED003E4B14 /* algorithm.py in Resources */,
			);
			runOnlyForDeploymentPostprocessing = 0;
		};
		22C15958160DD3560067B4A5 /* Resources */ = {
			isa = PBXResourcesBuildPhase;
			buildActionMask = 2147483647;
			files = (
				22C15969160DD3570067B4A5 /* InfoPlist.strings in Resources */,
				22C15971160DD3570067B4A5 /* Default.png in Resources */,
				22C15973160DD3570067B4A5 /* Default@2x.png in Resources */,
				22C15975160DD3570067B4A5 /* Default-568h@2x.png in Resources */,
				22C1597B160DD3570067B4A5 /* CMVitalsView.xib in Resources */,
				22C159A1160DD8FC0067B4A5 /* CMConcentrationView.xib in Resources */,
				22E89E41160E0268003896C6 /* CMGraphView.xib in Resources */,
			);
			runOnlyForDeploymentPostprocessing = 0;
		};
/* End PBXResourcesBuildPhase section */

/* Begin PBXShellScriptBuildPhase section */
		22739964160F13CA00DA07D5 /* ShellScript */ = {
			isa = PBXShellScriptBuildPhase;
			buildActionMask = 2147483647;
			files = (
			);
			inputPaths = (
			);
			outputPaths = (
			);
			runOnlyForDeploymentPostprocessing = 0;
			shellPath = /bin/sh;
			shellScript = "# Run the unit tests in this test bundle.\n\"${SYSTEM_DEVELOPER_DIR}/Tools/RunUnitTests\"\n";
		};
/* End PBXShellScriptBuildPhase section */

/* Begin PBXSourcesBuildPhase section */
		22739961160F13CA00DA07D5 /* Sources */ = {
			isa = PBXSourcesBuildPhase;
			buildActionMask = 2147483647;
			files = (
				22739977160F13D700DA07D5 /* CMCalculator.m in Sources */,
				22739972160F13CA00DA07D5 /* PropofolTests.m in Sources */,
			);
			runOnlyForDeploymentPostprocessing = 0;
		};
		22C15956160DD3560067B4A5 /* Sources */ = {
			isa = PBXSourcesBuildPhase;
			buildActionMask = 2147483647;
			files = (
				22C1596B160DD3570067B4A5 /* main.m in Sources */,
				22C1596F160DD3570067B4A5 /* CMAppDelegate.m in Sources */,
				22C159A0160DD8FC0067B4A5 /* CMConcentrationViewController.m in Sources */,
				22C159A3160DD9320067B4A5 /* CMVitalsViewController.m in Sources */,
				22C159A7160DD9740067B4A5 /* CMBaseNavController.m in Sources */,
				22C159AB160DDE480067B4A5 /* CMCalculator.m in Sources */,
				22E89E40160E0268003896C6 /* CMGraphViewController.m in Sources */,
				22739941160EF5E300DA07D5 /* CMBaseViewController.m in Sources */,
			);
			runOnlyForDeploymentPostprocessing = 0;
		};
/* End PBXSourcesBuildPhase section */

/* Begin PBXVariantGroup section */
		2273996D160F13CA00DA07D5 /* InfoPlist.strings */ = {
			isa = PBXVariantGroup;
			children = (
				2273996E160F13CA00DA07D5 /* en */,
			);
			name = InfoPlist.strings;
			sourceTree = "<group>";
		};
		22C15967160DD3570067B4A5 /* InfoPlist.strings */ = {
			isa = PBXVariantGroup;
			children = (
				22C15968160DD3570067B4A5 /* en */,
			);
			name = InfoPlist.strings;
			sourceTree = "<group>";
		};
		22C15979160DD3570067B4A5 /* CMVitalsView.xib */ = {
			isa = PBXVariantGroup;
			children = (
				22C1597A160DD3570067B4A5 /* en */,
			);
			name = CMVitalsView.xib;
			sourceTree = "<group>";
		};
		22C1598B160DD3570067B4A5 /* InfoPlist.strings */ = {
			isa = PBXVariantGroup;
			children = (
				22C1598C160DD3570067B4A5 /* en */,
			);
			name = InfoPlist.strings;
			sourceTree = "<group>";
		};
/* End PBXVariantGroup section */

/* Begin XCBuildConfiguration section */
		22739975160F13CA00DA07D5 /* Debug */ = {
			isa = XCBuildConfiguration;
			buildSettings = {
				FRAMEWORK_SEARCH_PATHS = (
					"\"$(SDKROOT)/Developer/Library/Frameworks\"",
					"\"$(DEVELOPER_LIBRARY_DIR)/Frameworks\"",
				);
				GCC_PRECOMPILE_PREFIX_HEADER = YES;
				GCC_PREFIX_HEADER = "PropofolTests/PropofolTests-Prefix.pch";
				INFOPLIST_FILE = "PropofolTests/PropofolTests-Info.plist";
				PRODUCT_NAME = "$(TARGET_NAME)";
				WRAPPER_EXTENSION = octest;
			};
			name = Debug;
		};
		22739976160F13CA00DA07D5 /* Release */ = {
			isa = XCBuildConfiguration;
			buildSettings = {
				FRAMEWORK_SEARCH_PATHS = (
					"\"$(SDKROOT)/Developer/Library/Frameworks\"",
					"\"$(DEVELOPER_LIBRARY_DIR)/Frameworks\"",
				);
				GCC_PRECOMPILE_PREFIX_HEADER = YES;
				GCC_PREFIX_HEADER = "PropofolTests/PropofolTests-Prefix.pch";
				INFOPLIST_FILE = "PropofolTests/PropofolTests-Info.plist";
				PRODUCT_NAME = "$(TARGET_NAME)";
				WRAPPER_EXTENSION = octest;
			};
			name = Release;
		};
		22C15991160DD3570067B4A5 /* Debug */ = {
			isa = XCBuildConfiguration;
			buildSettings = {
				ALWAYS_SEARCH_USER_PATHS = NO;
				CLANG_CXX_LANGUAGE_STANDARD = "gnu++0x";
				CLANG_CXX_LIBRARY = "libc++";
				CLANG_ENABLE_OBJC_ARC = YES;
				CLANG_WARN_EMPTY_BODY = YES;
				CLANG_WARN__DUPLICATE_METHOD_MATCH = YES;
				"CODE_SIGN_IDENTITY[sdk=iphoneos*]" = "iPhone Developer";
				COPY_PHASE_STRIP = NO;
				GCC_C_LANGUAGE_STANDARD = gnu99;
				GCC_DYNAMIC_NO_PIC = NO;
				GCC_OPTIMIZATION_LEVEL = 0;
				GCC_PREPROCESSOR_DEFINITIONS = (
					"DEBUG=1",
					"$(inherited)",
				);
				GCC_SYMBOLS_PRIVATE_EXTERN = NO;
				GCC_WARN_ABOUT_RETURN_TYPE = YES;
				GCC_WARN_UNINITIALIZED_AUTOS = YES;
				GCC_WARN_UNUSED_VARIABLE = YES;
				IPHONEOS_DEPLOYMENT_TARGET = 6.0;
				SDKROOT = iphoneos;
			};
			name = Debug;
		};
		22C15992160DD3570067B4A5 /* Release */ = {
			isa = XCBuildConfiguration;
			buildSettings = {
				ALWAYS_SEARCH_USER_PATHS = NO;
				CLANG_CXX_LANGUAGE_STANDARD = "gnu++0x";
				CLANG_CXX_LIBRARY = "libc++";
				CLANG_ENABLE_OBJC_ARC = YES;
				CLANG_WARN_EMPTY_BODY = YES;
				CLANG_WARN__DUPLICATE_METHOD_MATCH = YES;
				"CODE_SIGN_IDENTITY[sdk=iphoneos*]" = "iPhone Distribution: Tim Duckett";
				COPY_PHASE_STRIP = YES;
				GCC_C_LANGUAGE_STANDARD = gnu99;
				GCC_WARN_ABOUT_RETURN_TYPE = YES;
				GCC_WARN_UNINITIALIZED_AUTOS = YES;
				GCC_WARN_UNUSED_VARIABLE = YES;
				IPHONEOS_DEPLOYMENT_TARGET = 6.0;
				OTHER_CFLAGS = "-DNS_BLOCK_ASSERTIONS=1";
				"PROVISIONING_PROFILE[sdk=iphoneos*]" = "F6BAD32F-61A4-4B58-A5DC-5ED672496EB6";
				SDKROOT = iphoneos;
				VALIDATE_PRODUCT = YES;
			};
			name = Release;
		};
		22C15994160DD3570067B4A5 /* Debug */ = {
			isa = XCBuildConfiguration;
			buildSettings = {
				GCC_PRECOMPILE_PREFIX_HEADER = YES;
				GCC_PREFIX_HEADER = "Propofol/propofol.temp_caseinsensitive_rename-Prefix.pch";
				HEADER_SEARCH_PATHS = "$(SOURCE_ROOT)/Frameworks/CorePlot/**";
				INFOPLIST_FILE = "Propofol/propofol.temp_caseinsensitive_rename-Info.plist";
				OTHER_LDFLAGS = "-ObjC";
				PRODUCT_NAME = propofol.temp_caseinsensitive_rename;
				VALID_ARCHS = armv7;
				WRAPPER_EXTENSION = app;
			};
			name = Debug;
		};
		22C15995160DD3570067B4A5 /* Release */ = {
			isa = XCBuildConfiguration;
			buildSettings = {
				"CODE_SIGN_IDENTITY[sdk=iphoneos*]" = "";
				GCC_PRECOMPILE_PREFIX_HEADER = YES;
				GCC_PREFIX_HEADER = "Propofol/propofol.temp_caseinsensitive_rename-Prefix.pch";
				HEADER_SEARCH_PATHS = "$(SOURCE_ROOT)/Frameworks/CorePlot/**";
				INFOPLIST_FILE = "Propofol/propofol.temp_caseinsensitive_rename-Info.plist";
				OTHER_LDFLAGS = "-ObjC";
				PRODUCT_NAME = propofol.temp_caseinsensitive_rename;
				VALID_ARCHS = armv7;
				WRAPPER_EXTENSION = app;
			};
			name = Release;
		};
/* End XCBuildConfiguration section */

/* Begin XCConfigurationList section */
		22739974160F13CA00DA07D5 /* Build configuration list for PBXNativeTarget "PropofolTests" */ = {
			isa = XCConfigurationList;
			buildConfigurations = (
				22739975160F13CA00DA07D5 /* Debug */,
				22739976160F13CA00DA07D5 /* Release */,
			);
			defaultConfigurationIsVisible = 0;
			defaultConfigurationName = Release;
		};
		22C15954160DD3560067B4A5 /* Build configuration list for PBXProject "propofol" */ = {
			isa = XCConfigurationList;
			buildConfigurations = (
				22C15991160DD3570067B4A5 /* Debug */,
				22C15992160DD3570067B4A5 /* Release */,
			);
			defaultConfigurationIsVisible = 0;
			defaultConfigurationName = Release;
		};
		22C15993160DD3570067B4A5 /* Build configuration list for PBXNativeTarget "propofol.temp_caseinsensitive_rename" */ = {
			isa = XCConfigurationList;
			buildConfigurations = (
				22C15994160DD3570067B4A5 /* Debug */,
				22C15995160DD3570067B4A5 /* Release */,
			);
			defaultConfigurationIsVisible = 0;
			defaultConfigurationName = Release;
		};
/* End XCConfigurationList section */
	};
	rootObject = 22C15951160DD3560067B4A5 /* Project object */;
}
